
Microsoft Visual Studio Solution File, Format Version 12.00
# Visual Studio 15
VisualStudioVersion = 15.0.28307.572
MinimumVisualStudioVersion = 10.0.40219.1
Project("{8BC9CEB8-8B4A-11D0-8D11-00A0C91BC942}") = "AudioSwitcherNew", "AudioSwitcherNew\AudioSwitcherNew.vcxproj", "{86EF4D18-DFF8-49E5-ACEF-FCAC2DDF61A6}"
EndProject
Global
	GlobalSection(SolutionConfigurationPlatforms) = preSolution
		Debug|VisualGDB = Debug|VisualGDB
		Release|VisualGDB = Release|VisualGDB
	EndGlobalSection
	GlobalSection(ProjectConfigurationPlatforms) = postSolution
		{86EF4D18-DFF8-49E5-ACEF-FCAC2DDF61A6}.Debug|VisualGDB.ActiveCfg = Debug|VisualGDB
		{86EF4D18-DFF8-49E5-ACEF-FCAC2DDF61A6}.Debug|VisualGDB.Build.0 = Debug|VisualGDB
		{86EF4D18-DFF8-49E5-ACEF-FCAC2DDF61A6}.Release|VisualGDB.ActiveCfg = Release|VisualGDB
		{86EF4D18-DFF8-49E5-ACEF-FCAC2DDF61A6}.Release|VisualGDB.Build.0 = Release|VisualGDB
	EndGlobalSection
	GlobalSection(SolutionProperties) = preSolution
		HideSolutionNode = FALSE
	EndGlobalSection
	GlobalSection(ExtensibilityGlobals) = postSolution
		SolutionGuid = {54B4A2EC-E079-486E-8829-CF05E1B98AF8}
	EndGlobalSection
EndGlobal
